
Microsoft Visual Studio Solution File, Format Version 12.00
# Visual Studio Version 17
VisualStudioVersion = 17.11.35222.181
MinimumVisualStudioVersion = 10.0.40219.1
Project("{FAE04EC0-301F-11D3-BF4B-00C04F79EFBC}") = "numeros pares impares o enteros", "numeros pares impares o enteros.csproj", "{E8501441-9B59-4CE1-B489-1A4409AA80B7}"
EndProject
Global
	GlobalSection(SolutionConfigurationPlatforms) = preSolution
		Debug|Any CPU = Debug|Any CPU
		Release|Any CPU = Release|Any CPU
	EndGlobalSection
	GlobalSection(ProjectConfigurationPlatforms) = postSolution
		{E8501441-9B59-4CE1-B489-1A4409AA80B7}.Debug|Any CPU.ActiveCfg = Debug|Any CPU
		{E8501441-9B59-4CE1-B489-1A4409AA80B7}.Debug|Any CPU.Build.0 = Debug|Any CPU
		{E8501441-9B59-4CE1-B489-1A4409AA80B7}.Release|Any CPU.ActiveCfg = Release|Any CPU
		{E8501441-9B59-4CE1-B489-1A4409AA80B7}.Release|Any CPU.Build.0 = Release|Any CPU
	EndGlobalSection
	GlobalSection(SolutionProperties) = preSolution
		HideSolutionNode = FALSE
	EndGlobalSection
	GlobalSection(ExtensibilityGlobals) = postSolution
		SolutionGuid = {AD8D876E-6E27-49F5-A61F-D866F90B374F}
	EndGlobalSection
EndGlobal
